
Microsoft Visual Studio Solution File, Format Version 12.00
# Visual Studio Version 17
VisualStudioVersion = 17.13.35913.81 d17.13
MinimumVisualStudioVersion = 10.0.40219.1
Project("{FAE04EC0-301F-11D3-BF4B-00C04F79EFBC}") = "CodingTracker", "CodingTracker\CodingTracker.csproj", "{AFF40665-AD52-4FF0-A432-5668A39306B1}"
EndProject
Global
	GlobalSection(SolutionConfigurationPlatforms) = preSolution
		Debug|Any CPU = Debug|Any CPU
		Release|Any CPU = Release|Any CPU
	EndGlobalSection
	GlobalSection(ProjectConfigurationPlatforms) = postSolution
		{AFF40665-AD52-4FF0-A432-5668A39306B1}.Debug|Any CPU.ActiveCfg = Debug|Any CPU
		{AFF40665-AD52-4FF0-A432-5668A39306B1}.Debug|Any CPU.Build.0 = Debug|Any CPU
		{AFF40665-AD52-4FF0-A432-5668A39306B1}.Release|Any CPU.ActiveCfg = Release|Any CPU
		{AFF40665-AD52-4FF0-A432-5668A39306B1}.Release|Any CPU.Build.0 = Release|Any CPU
	EndGlobalSection
	GlobalSection(SolutionProperties) = preSolution
		HideSolutionNode = FALSE
	EndGlobalSection
	GlobalSection(ExtensibilityGlobals) = postSolution
		SolutionGuid = {012C6783-7DD6-48F4-923D-0C72C24D8F56}
	EndGlobalSection
EndGlobal
